
Microsoft Visual Studio Solution File, Format Version 12.00
# Visual Studio Version 17
VisualStudioVersion = 17.8.34601.278
MinimumVisualStudioVersion = 10.0.40219.1
Project("{FAE04EC0-301F-11D3-BF4B-00C04F79EFBC}") = "ServerSide", "ServerSide\ServerSide.csproj", "{3BCCFEB2-01FF-43EC-BE89-07756D9C275E}"
EndProject
Global
	GlobalSection(SolutionConfigurationPlatforms) = preSolution
		Debug|Any CPU = Debug|Any CPU
		Release|Any CPU = Release|Any CPU
	EndGlobalSection
	GlobalSection(ProjectConfigurationPlatforms) = postSolution
		{3BCCFEB2-01FF-43EC-BE89-07756D9C275E}.Debug|Any CPU.ActiveCfg = Debug|Any CPU
		{3BCCFEB2-01FF-43EC-BE89-07756D9C275E}.Debug|Any CPU.Build.0 = Debug|Any CPU
		{3BCCFEB2-01FF-43EC-BE89-07756D9C275E}.Release|Any CPU.ActiveCfg = Release|Any CPU
		{3BCCFEB2-01FF-43EC-BE89-07756D9C275E}.Release|Any CPU.Build.0 = Release|Any CPU
	EndGlobalSection
	GlobalSection(SolutionProperties) = preSolution
		HideSolutionNode = FALSE
	EndGlobalSection
	GlobalSection(ExtensibilityGlobals) = postSolution
		SolutionGuid = {A36F9DEE-693C-45BE-8B3A-362A2DABABE9}
	EndGlobalSection
EndGlobal
